
Microsoft Visual Studio Solution File, Format Version 12.00
# Visual Studio Version 17
VisualStudioVersion = 17.14.36221.1 d17.14
MinimumVisualStudioVersion = 10.0.40219.1
Project("{FAE04EC0-301F-11D3-BF4B-00C04F79EFBC}") = "WinFormsApp2", "WinFormsApp2\WinFormsApp2.csproj", "{0326FB65-DD6C-4034-A35E-8BA9FF88535C}"
EndProject
Global
	GlobalSection(SolutionConfigurationPlatforms) = preSolution
		Debug|Any CPU = Debug|Any CPU
		Debug|x64 = Debug|x64
		Release|Any CPU = Release|Any CPU
		Release|x64 = Release|x64
	EndGlobalSection
	GlobalSection(ProjectConfigurationPlatforms) = postSolution
		{0326FB65-DD6C-4034-A35E-8BA9FF88535C}.Debug|Any CPU.ActiveCfg = Debug|Any CPU
		{0326FB65-DD6C-4034-A35E-8BA9FF88535C}.Debug|Any CPU.Build.0 = Debug|Any CPU
		{0326FB65-DD6C-4034-A35E-8BA9FF88535C}.Debug|x64.ActiveCfg = Debug|x64
		{0326FB65-DD6C-4034-A35E-8BA9FF88535C}.Debug|x64.Build.0 = Debug|x64
		{0326FB65-DD6C-4034-A35E-8BA9FF88535C}.Release|Any CPU.ActiveCfg = Release|Any CPU
		{0326FB65-DD6C-4034-A35E-8BA9FF88535C}.Release|Any CPU.Build.0 = Release|Any CPU
		{0326FB65-DD6C-4034-A35E-8BA9FF88535C}.Release|x64.ActiveCfg = Release|x64
		{0326FB65-DD6C-4034-A35E-8BA9FF88535C}.Release|x64.Build.0 = Release|x64
	EndGlobalSection
	GlobalSection(SolutionProperties) = preSolution
		HideSolutionNode = FALSE
	EndGlobalSection
	GlobalSection(ExtensibilityGlobals) = postSolution
		SolutionGuid = {E64625AF-4E59-492B-8CB6-449832ABB6B0}
	EndGlobalSection
EndGlobal
